
Microsoft Visual Studio Solution File, Format Version 12.00
# Visual Studio Version 17
VisualStudioVersion = 17.3.32825.248
MinimumVisualStudioVersion = 10.0.40219.1
Project("{FAE04EC0-301F-11D3-BF4B-00C04F79EFBC}") = "XamarinBarCode_Test.Android", "XamarinBarCode_Test\XamarinBarCode_Test.Android\XamarinBarCode_Test.Android.csproj", "{D1F73B13-D8F6-4D67-B489-13545D0A148A}"
EndProject
Project("{FAE04EC0-301F-11D3-BF4B-00C04F79EFBC}") = "XamarinBarCode_Test", "XamarinBarCode_Test\XamarinBarCode_Test\XamarinBarCode_Test.csproj", "{38B60070-409F-4AD5-9637-7D733C93AFF9}"
EndProject
Global
	GlobalSection(SolutionConfigurationPlatforms) = preSolution
		Debug|Any CPU = Debug|Any CPU
		Release|Any CPU = Release|Any CPU
	EndGlobalSection
	GlobalSection(ProjectConfigurationPlatforms) = postSolution
		{D1F73B13-D8F6-4D67-B489-13545D0A148A}.Debug|Any CPU.ActiveCfg = Debug|Any CPU
		{D1F73B13-D8F6-4D67-B489-13545D0A148A}.Debug|Any CPU.Build.0 = Debug|Any CPU
		{D1F73B13-D8F6-4D67-B489-13545D0A148A}.Debug|Any CPU.Deploy.0 = Debug|Any CPU
		{D1F73B13-D8F6-4D67-B489-13545D0A148A}.Release|Any CPU.ActiveCfg = Release|Any CPU
		{D1F73B13-D8F6-4D67-B489-13545D0A148A}.Release|Any CPU.Build.0 = Release|Any CPU
		{D1F73B13-D8F6-4D67-B489-13545D0A148A}.Release|Any CPU.Deploy.0 = Release|Any CPU
		{38B60070-409F-4AD5-9637-7D733C93AFF9}.Debug|Any CPU.ActiveCfg = Debug|Any CPU
		{38B60070-409F-4AD5-9637-7D733C93AFF9}.Debug|Any CPU.Build.0 = Debug|Any CPU
		{38B60070-409F-4AD5-9637-7D733C93AFF9}.Release|Any CPU.ActiveCfg = Release|Any CPU
		{38B60070-409F-4AD5-9637-7D733C93AFF9}.Release|Any CPU.Build.0 = Release|Any CPU
	EndGlobalSection
	GlobalSection(SolutionProperties) = preSolution
		HideSolutionNode = FALSE
	EndGlobalSection
	GlobalSection(ExtensibilityGlobals) = postSolution
		SolutionGuid = {A003D4E1-8A75-496D-8A75-22AC5F00E2ED}
	EndGlobalSection
EndGlobal
